
Microsoft Visual Studio Solution File, Format Version 12.00
# Visual Studio Version 16
VisualStudioVersion = 16.0.31129.286
MinimumVisualStudioVersion = 10.0.40219.1
Project("{FAE04EC0-301F-11D3-BF4B-00C04F79EFBC}") = "Test", "Test\Test.csproj", "{A2DECD44-2E90-4C0A-9BB4-DFE4288B26D8}"
EndProject
Global
	GlobalSection(SolutionConfigurationPlatforms) = preSolution
		Debug|Any CPU = Debug|Any CPU
		Release|Any CPU = Release|Any CPU
	EndGlobalSection
	GlobalSection(ProjectConfigurationPlatforms) = postSolution
		{A2DECD44-2E90-4C0A-9BB4-DFE4288B26D8}.Debug|Any CPU.ActiveCfg = Debug|Any CPU
		{A2DECD44-2E90-4C0A-9BB4-DFE4288B26D8}.Debug|Any CPU.Build.0 = Debug|Any CPU
		{A2DECD44-2E90-4C0A-9BB4-DFE4288B26D8}.Release|Any CPU.ActiveCfg = Release|Any CPU
		{A2DECD44-2E90-4C0A-9BB4-DFE4288B26D8}.Release|Any CPU.Build.0 = Release|Any CPU
	EndGlobalSection
	GlobalSection(SolutionProperties) = preSolution
		HideSolutionNode = FALSE
	EndGlobalSection
	GlobalSection(ExtensibilityGlobals) = postSolution
		SolutionGuid = {780C3A13-C94D-4AEE-8364-565AE16DB67E}
	EndGlobalSection
EndGlobal
